
Microsoft Visual Studio Solution File, Format Version 12.00
# Visual Studio 15
Project("{FAE04EC0-301F-11D3-BF4B-00C04F79EFBC}") = "Alpha_Jeremy_Puche", "Alpha_Jeremy_Puche.csproj", "{9F2E32D2-5214-DBAD-65B1-08131987BD92}"
EndProject
Project("{FAE04EC0-301F-11D3-BF4B-00C04F79EFBC}") = "Alpha_Jeremy_Puche.Editor", "Alpha_Jeremy_Puche.Editor.csproj", "{57F6345D-EC23-65D3-8D65-7D58563DAD0A}"
EndProject
Global
	GlobalSection(SolutionConfigurationPlatforms) = preSolution
		Debug|Any CPU = Debug|Any CPU
		Release|Any CPU = Release|Any CPU
	EndGlobalSection
	GlobalSection(ProjectConfigurationPlatforms) = postSolution
		{9F2E32D2-5214-DBAD-65B1-08131987BD92}.Debug|Any CPU.ActiveCfg = Debug|Any CPU
		{9F2E32D2-5214-DBAD-65B1-08131987BD92}.Debug|Any CPU.Build.0 = Debug|Any CPU
		{9F2E32D2-5214-DBAD-65B1-08131987BD92}.Release|Any CPU.ActiveCfg = Release|Any CPU
		{9F2E32D2-5214-DBAD-65B1-08131987BD92}.Release|Any CPU.Build.0 = Release|Any CPU
		{57F6345D-EC23-65D3-8D65-7D58563DAD0A}.Debug|Any CPU.ActiveCfg = Debug|Any CPU
		{57F6345D-EC23-65D3-8D65-7D58563DAD0A}.Debug|Any CPU.Build.0 = Debug|Any CPU
		{57F6345D-EC23-65D3-8D65-7D58563DAD0A}.Release|Any CPU.ActiveCfg = Release|Any CPU
		{57F6345D-EC23-65D3-8D65-7D58563DAD0A}.Release|Any CPU.Build.0 = Release|Any CPU
	EndGlobalSection
	GlobalSection(SolutionProperties) = preSolution
		HideSolutionNode = FALSE
	EndGlobalSection
EndGlobal
